{
  "name": "user",
  "version": "0.0.1",
  "lockfileVersion": 1,
  "requires": true,
  "dependencies": {
    "utils": {
      "version": "1.0.0",
      "requires": {
        "aws-sdk": "^2.538.0",
        "busboy": "^0.3.1"
      },
      "dependencies": {
        "aws-sdk": {
          "version": "2.538.0",
          "bundled": true,
          "requires": {
            "buffer": "4.9.1",
            "events": "1.1.1",
            "ieee754": "1.1.13",
            "jmespath": "0.15.0",
            "querystring": "0.2.0",
            "sax": "1.2.1",
            "url": "0.10.3",
            "uuid": "3.3.2",
            "xml2js": "0.4.19"
          }
        },
        "base64-js": {
          "version": "1.3.1",
          "bundled": true
        },
        "buffer": {
          "version": "4.9.1",
          "bundled": true,
          "requires": {
            "base64-js": "^1.0.2",
            "ieee754": "^1.1.4",
            "isarray": "^1.0.0"
          }
        },
        "busboy": {
          "version": "0.3.1",
          "bundled": true,
          "requires": {
            "dicer": "0.3.0"
          }
        },
        "dicer": {
          "version": "0.3.0",
          "bundled": true,
          "requires": {
            "streamsearch": "0.1.2"
          }
        },
        "events": {
          "version": "1.1.1",
          "bundled": true
        },
        "ieee754": {
          "version": "1.1.13",
          "bundled": true
        },
        "isarray": {
          "version": "1.0.0",
          "bundled": true
        },
        "jmespath": {
          "version": "0.15.0",
          "bundled": true
        },
        "punycode": {
          "version": "1.3.2",
          "bundled": true
        },
        "querystring": {
          "version": "0.2.0",
          "bundled": true
        },
        "sax": {
          "version": "1.2.1",
          "bundled": true
        },
        "streamsearch": {
          "version": "0.1.2",
          "bundled": true
        },
        "url": {
          "version": "0.10.3",
          "bundled": true,
          "requires": {
            "punycode": "1.3.2",
            "querystring": "0.2.0"
          }
        },
        "uuid": {
          "version": "3.3.2",
          "bundled": true
        },
        "xml2js": {
          "version": "0.4.19",
          "bundled": true,
          "requires": {
            "sax": ">=0.6.0",
            "xmlbuilder": "~9.0.1"
          }
        },
        "xmlbuilder": {
          "version": "9.0.7",
          "bundled": true
        }
      }
    },
    "uuid": {
      "version": "3.3.3",
      "resolved": "https://registry.npmjs.org/uuid/-/uuid-3.3.3.tgz",
      "integrity": "sha512-pW0No1RGHgzlpHJO1nsVrHKpOEIxkGg1xB+v0ZmdNH5OAeAwzAVrCnI2/6Mtx+Uys6iaylxa+D3g4j63IKKjSQ=="
    },
    "uuidv4": {
      "version": "6.0.0",
      "resolved": "https://registry.npmjs.org/uuidv4/-/uuidv4-6.0.0.tgz",
      "integrity": "sha512-KvtCP/4TGL1lU3CviYgWsSiKtJ+vi7FyJ0o+9RIGmJDVw1+O0lM+6pX127t5R6+EHzHOBnzG8zfWUufB4iECRw==",
      "requires": {
        "uuid": "3.3.3"
      }
    }
  }
}
